
Microsoft Visual Studio Solution File, Format Version 12.00
# Visual Studio Version 17
VisualStudioVersion = 17.4.33110.190
MinimumVisualStudioVersion = 10.0.40219.1
Project("{FAE04EC0-301F-11D3-BF4B-00C04F79EFBC}") = "StrategyPattern", "StrategyPattern\StrategyPattern.csproj", "{4E746D8B-D1CB-4560-987E-9131FA1965EE}"
EndProject
Global
	GlobalSection(SolutionConfigurationPlatforms) = preSolution
		Debug|Any CPU = Debug|Any CPU
		Release|Any CPU = Release|Any CPU
	EndGlobalSection
	GlobalSection(ProjectConfigurationPlatforms) = postSolution
		{4E746D8B-D1CB-4560-987E-9131FA1965EE}.Debug|Any CPU.ActiveCfg = Debug|Any CPU
		{4E746D8B-D1CB-4560-987E-9131FA1965EE}.Debug|Any CPU.Build.0 = Debug|Any CPU
		{4E746D8B-D1CB-4560-987E-9131FA1965EE}.Release|Any CPU.ActiveCfg = Release|Any CPU
		{4E746D8B-D1CB-4560-987E-9131FA1965EE}.Release|Any CPU.Build.0 = Release|Any CPU
	EndGlobalSection
	GlobalSection(SolutionProperties) = preSolution
		HideSolutionNode = FALSE
	EndGlobalSection
	GlobalSection(ExtensibilityGlobals) = postSolution
		SolutionGuid = {C0365B54-6319-4912-8B3C-58BBE8141390}
	EndGlobalSection
EndGlobal
